{
    "_meta": {
        "hash": {
            "sha256": "8ccc40487979790ceef846be699e5815f370945dddb3c806443b25f7d79b7c2e"
        },
        "pipfile-spec": 6,
        "requires": {
            "python_version": "3.8"
        },
        "sources": [
            {
                "name": "pypi",
                "url": "https://pypi.org/simple",
                "verify_ssl": true
            }
        ]
    },
    "default": {
        "confluent-kafka": {
            "hashes": [
                "sha256:24872e3e427b16f77461ae7e6cf48f9c5c03c06884ac51bad179580a4dd29145",
                "sha256:2fb97bd25d436bd59fe079885aa77a3a2f23cface9c6359d4700053665849262",
                "sha256:3207c76d1510571cbda85560c293dec5f8d6645103b3f471abab5c83e51a7ccd",
                "sha256:344a7fec57d3348002392a7bd5cf66fb9dbe4a103e81636037cccd6fff944e28",
                "sha256:382739e499deaf488459c2307ebcc0e9b3653340801d6053c207c84ad710ee8d",
                "sha256:4d6bfcc352cd608fcf325037b4425c0edaeae0c6a5439423a865110b59f897e9",
                "sha256:4f27ddf7daf630a95e1d7dfddd0c8cf8a7755c9567dc9851bf2e74c22f34af42",
                "sha256:5b24587b30a4d288a7b1c5cc756ee707fc1293fa28454f8db40267ed9d7e73c8",
                "sha256:6ab745babc33a864e3ca3a2659c005ed52503e39936fff5812eeb21920009c8b",
                "sha256:7e6592533b3f8cfbc086ea2d472058f10e5f6a04a388edca01773285c63284b4",
                "sha256:b9ad6ad9d58c2735129f94f044b2236d7de87d77a101c8c630363add12d62a4a",
                "sha256:be7b37020f614017d8a047565b3fb61ceef9c30a9ee093f9373d06a4c32068ae",
                "sha256:bef263b6d78a3e63399e1b82cc07cbb30af762884df96a369cba0e1011405344",
                "sha256:c4b7c4d0b647952d2b506948131d6e7e1c42ccb16aac8e3e52369c16b94e7215",
                "sha256:d036bf5e1d7cb3743125d7caf62b1a23b12e403de240144b6117ddbb8f815a33",
                "sha256:d0cbf8e7510497afd651e134bccb9d579aa90234e45734046fcb6b752d2ee312",
                "sha256:d533ea0e527122f177943ee35eb356b8d9f7af35fe357e0cdc0514d95804aaea",
                "sha256:e41b9313c44f54a3cd29b0e95fa32a8e685edaa9287b338f59530b21ebc0b453",
                "sha256:e9107767cc9240cbf9b5c0fdded5eeead86a1690d1c15de6cbbdcc9d7e3b1962",
                "sha256:f96033c335da26ea1716ab9adfce459c211b023ca09528f958fb28bf099fc0df",
                "sha256:f970a2c6d22c934ea68d645abcc96056ecb107489f28a38b2171f65655b7e41f",
                "sha256:fe31b3b6930d67380df371f5088950f93da5fac580cde3bedb35f992b2498e1b",
                "sha256:ff08b9f978f8b37f2961614a68f9fdb4fabd10cdd940234e80200806d93a1c30",
                "sha256:ff4d1557b7fb72e752c36205a344863b8f4f23b3a834780fc36eb7ebde614de7"
            ],
            "index": "pypi",
            "version": "==1.9.2"
        },
        "psycopg": {
            "extras": [
                "binary"
            ],
            "hashes": [
                "sha256:57b356b1dc86a45f0a6388ca6fde77360639eb24c9aae033ee8fbbed713dce79",
                "sha256:a61d8841352b2e5c83c0677b8b856bafbf57568e5687ace8872738b29acfd5c9"
            ],
            "index": "pypi",
            "version": "==3.1.2"
        },
        "psycopg-binary": {
            "hashes": [
                "sha256:040e95817e9b632fcd91fb2abf4d8ab00b06e2ac30ef33b15eeb588747380c77",
                "sha256:04edbd4d06190ef9cf68a868cb0213884477613b735ada8ba26f8b6fe0579f85",
                "sha256:073504fe7882c0a5a64065c58538811dda7b1cf436066928d506f969b885e0af",
                "sha256:0d34a0bda1051bb9f585fe29496332605df1494096e56acec75e60683520c5aa",
                "sha256:10042f074643eee7e83b306097a15c13ef9770190e205cbffe01d15aa78b18af",
                "sha256:18e332e58aede324af60662963c9de63f398682ffa53dc1014ec662464540fc1",
                "sha256:1aff078b94c33409a737fbf92ca3c1d80c48addabe31951b211d2044525fe4e3",
                "sha256:23160f01510568b43d5332f09c703babbfbb07e3805881dee933237f8ea2da1f",
                "sha256:2c629b50dc65baae016d6e01660fe0e5ed2b3f746d334031d9727b24a4cf965f",
                "sha256:3536447d12e0779d9fb72218b15e5a9e0b974da85f568e62636215bdecb5b578",
                "sha256:429608a36d317dd1e0da8846b50c8a48dd1be000109afa04884ddcbdf313769d",
                "sha256:5212afe2aaca8c24215df615e4bfc45c55259a6b2237744007957c156d5f33b4",
                "sha256:5262d0146c4f8ebfa2c8917e03abd515ab01c0b32facd9cbaab6efa3af8540df",
                "sha256:687108580dd160aba4af0e22ff71a8ccf44c3cbfc4833b1739ec4819a758c990",
                "sha256:6919e8cd380f490bdcc688e03d0f2501fd820bf5077d55d60aeb81efcbe5edc5",
                "sha256:715d2f5803f25f3b98413d90d688ac32d478d1aaadf9d6320e9c88eba4dd6c77",
                "sha256:7a39e2e9c1094f9c3e07690ec1cffeda7580bdc833c157528b205b9e583b4c92",
                "sha256:7de5dda2f8aacfad732c07b85e54fced99474ede555e87f21ca0af75404ff4af",
                "sha256:80891335a80961eab02a0eed6bab5ea9f15fd6ba49899af1991618fc22eb5686",
                "sha256:8b9ea9546b0531736d68544b70487de9522ddb63c0c998d68e02c8bbe6ea17d2",
                "sha256:8c04f58ec448059fae5fd886482154906cbe13811a747f4b6a5a5bb9f9a83a03",
                "sha256:95dd5644d4da5db8cf740134dddd3bbf046d8b37fd1cca153966a85b26fa46aa",
                "sha256:9bd89fe2fc5f43c0a357ff528303711f89d838f9cd84efb40218e20013f59e42",
                "sha256:a6f8392231f9092ac07f56fa8f47bea8a095c0b7fbc182c3d5dc6c3e8228b5e8",
                "sha256:a7b26e323cf60dfca78b5af89f2fcfaeb1815f05d36af5ba367b1867ba7084a5",
                "sha256:ab009fc1c7cae20417f12f5fb070486958f0a948e95f937f490b15c22dc55dd7",
                "sha256:ae635928a88dae291b929a7182d3a20a02a65cd3ea788d790a334e3223b816e8",
                "sha256:aec09293c5f8d85c4c276ee6bbd9ed17d954c954eeb16a13f642c1167dc8d4d7",
                "sha256:afb511da642597c2896d064988330fc26ecfde4f6830cb0cff781a837d67be1e",
                "sha256:b9cc04205800b632a789c8b443e71d872e93cb632965b6f0f2ddaf6e85a47d30",
                "sha256:bd51095079e4c741b7b35ddbf948249229c0273ab26dba965d311981fa381c38",
                "sha256:c08e5ceb7ee21aac0cf39175523c521cfc4cff221f1e43d91a5fb42ac096cf48",
                "sha256:c3d48526d5bc5dc98b3c263f0123e6e81c464a9c9b0d739e78ca82abdb19ea85",
                "sha256:c709d38c480272a92f04a2643c522adabbbe7af6abd1816794e9dda2c1c96a13",
                "sha256:c881024564f8c124659cba225243998ad76eb784123f21025522dfec924748cc",
                "sha256:c8b466a8c3bfb99219fb1175506595bee5dc6eeff2f06082f46932de519a2523",
                "sha256:d165a0d5809e07106656dee4e7e7f53376c21a2b8e79bd3305be93a6b1edc4e7",
                "sha256:e0d41e621b6e2853788fcc129b3d4ffca417b50c6efb7d947ea7d0f160f08357",
                "sha256:fd4e9acb072b1bd12e36f30c322ba99c4ad3dec7ca232c6be2991920d894c1fe",
                "sha256:fdeef8af6ec6315e721ccd0319770be616188d516ef56c4b097ca32a675c6ae8"
            ],
            "version": "==3.1.2"
        },
        "typing-extensions": {
            "hashes": [
                "sha256:25642c956049920a5aa49edcdd6ab1e06d7e5d467fc00e0506c44ac86fbfca02",
                "sha256:e6d2677a32f47fc7eb2795db1dd15c1f34eff616bcaf2cfb5e997f854fa1c4a6"
            ],
            "markers": "python_version < '3.11'",
            "version": "==4.3.0"
        }
    },
    "develop": {}
}
